
Microsoft Visual Studio Solution File, Format Version 12.00
# Visual Studio Version 17
VisualStudioVersion = 17.3.32929.385
MinimumVisualStudioVersion = 10.0.40219.1
Project("{FAE04EC0-301F-11D3-BF4B-00C04F79EFBC}") = "StacksAndQueues", "StacksAndQueues\StacksAndQueues.csproj", "{1787BFF9-3264-4D70-9D3E-D3CD620D379B}"
EndProject
Global
	GlobalSection(SolutionConfigurationPlatforms) = preSolution
		Debug|Any CPU = Debug|Any CPU
		Release|Any CPU = Release|Any CPU
	EndGlobalSection
	GlobalSection(ProjectConfigurationPlatforms) = postSolution
		{1787BFF9-3264-4D70-9D3E-D3CD620D379B}.Debug|Any CPU.ActiveCfg = Debug|Any CPU
		{1787BFF9-3264-4D70-9D3E-D3CD620D379B}.Debug|Any CPU.Build.0 = Debug|Any CPU
		{1787BFF9-3264-4D70-9D3E-D3CD620D379B}.Release|Any CPU.ActiveCfg = Release|Any CPU
		{1787BFF9-3264-4D70-9D3E-D3CD620D379B}.Release|Any CPU.Build.0 = Release|Any CPU
	EndGlobalSection
	GlobalSection(SolutionProperties) = preSolution
		HideSolutionNode = FALSE
	EndGlobalSection
	GlobalSection(ExtensibilityGlobals) = postSolution
		SolutionGuid = {80556C93-E829-4F3E-9B7B-48F658459780}
	EndGlobalSection
EndGlobal
